
Microsoft Visual Studio Solution File, Format Version 12.00
# Visual Studio 15
VisualStudioVersion = 15.0.28010.2048
MinimumVisualStudioVersion = 10.0.40219.1
Project("{FAE04EC0-301F-11D3-BF4B-00C04F79EFBC}") = "WindowsFormsApp1", "WindowsFormsApp1\WindowsFormsApp1.csproj", "{342A85CB-CE50-4F33-882C-2815913901AA}"
EndProject
Global
	GlobalSection(SolutionConfigurationPlatforms) = preSolution
		Debug|Any CPU = Debug|Any CPU
		Release|Any CPU = Release|Any CPU
	EndGlobalSection
	GlobalSection(ProjectConfigurationPlatforms) = postSolution
		{342A85CB-CE50-4F33-882C-2815913901AA}.Debug|Any CPU.ActiveCfg = Debug|Any CPU
		{342A85CB-CE50-4F33-882C-2815913901AA}.Debug|Any CPU.Build.0 = Debug|Any CPU
		{342A85CB-CE50-4F33-882C-2815913901AA}.Release|Any CPU.ActiveCfg = Release|Any CPU
		{342A85CB-CE50-4F33-882C-2815913901AA}.Release|Any CPU.Build.0 = Release|Any CPU
	EndGlobalSection
	GlobalSection(SolutionProperties) = preSolution
		HideSolutionNode = FALSE
	EndGlobalSection
	GlobalSection(ExtensibilityGlobals) = postSolution
		SolutionGuid = {50FF40B5-8BCF-4F95-B02B-59D64341424B}
	EndGlobalSection
EndGlobal
